
Microsoft Visual Studio Solution File, Format Version 12.00
# Visual Studio 15
VisualStudioVersion = 15.0.27703.2000
MinimumVisualStudioVersion = 10.0.40219.1
Project("{FAE04EC0-301F-11D3-BF4B-00C04F79EFBC}") = "Example01", "Example01\Example01.csproj", "{A488E96D-85A5-43BC-9655-FCE2C2D61BCF}"
EndProject
Project("{FAE04EC0-301F-11D3-BF4B-00C04F79EFBC}") = "EasyMath", "..\..\..\C#_296\EasyMath\EasyMath\EasyMath.csproj", "{398AC623-1974-4A42-8977-50F3AAA6029B}"
EndProject
Project("{FAE04EC0-301F-11D3-BF4B-00C04F79EFBC}") = "Example02", "Example02\Example02.csproj", "{A3209429-9C4B-4B0C-9EA2-240FBE51A110}"
EndProject
Global
	GlobalSection(SolutionConfigurationPlatforms) = preSolution
		Debug|Any CPU = Debug|Any CPU
		Release|Any CPU = Release|Any CPU
	EndGlobalSection
	GlobalSection(ProjectConfigurationPlatforms) = postSolution
		{A488E96D-85A5-43BC-9655-FCE2C2D61BCF}.Debug|Any CPU.ActiveCfg = Debug|Any CPU
		{A488E96D-85A5-43BC-9655-FCE2C2D61BCF}.Debug|Any CPU.Build.0 = Debug|Any CPU
		{A488E96D-85A5-43BC-9655-FCE2C2D61BCF}.Release|Any CPU.ActiveCfg = Release|Any CPU
		{A488E96D-85A5-43BC-9655-FCE2C2D61BCF}.Release|Any CPU.Build.0 = Release|Any CPU
		{398AC623-1974-4A42-8977-50F3AAA6029B}.Debug|Any CPU.ActiveCfg = Debug|Any CPU
		{398AC623-1974-4A42-8977-50F3AAA6029B}.Debug|Any CPU.Build.0 = Debug|Any CPU
		{398AC623-1974-4A42-8977-50F3AAA6029B}.Release|Any CPU.ActiveCfg = Release|Any CPU
		{398AC623-1974-4A42-8977-50F3AAA6029B}.Release|Any CPU.Build.0 = Release|Any CPU
		{A3209429-9C4B-4B0C-9EA2-240FBE51A110}.Debug|Any CPU.ActiveCfg = Debug|Any CPU
		{A3209429-9C4B-4B0C-9EA2-240FBE51A110}.Debug|Any CPU.Build.0 = Debug|Any CPU
		{A3209429-9C4B-4B0C-9EA2-240FBE51A110}.Release|Any CPU.ActiveCfg = Release|Any CPU
		{A3209429-9C4B-4B0C-9EA2-240FBE51A110}.Release|Any CPU.Build.0 = Release|Any CPU
	EndGlobalSection
	GlobalSection(SolutionProperties) = preSolution
		HideSolutionNode = FALSE
	EndGlobalSection
	GlobalSection(ExtensibilityGlobals) = postSolution
		SolutionGuid = {8D65D1CE-AAA7-4B39-B047-C051F3BE14F0}
	EndGlobalSection
EndGlobal
