
Microsoft Visual Studio Solution File, Format Version 12.00
# Visual Studio 15
VisualStudioVersion = 15.0.27428.2037
MinimumVisualStudioVersion = 10.0.40219.1
Project("{FAE04EC0-301F-11D3-BF4B-00C04F79EFBC}") = "PokemonGoUI", "PokemonGoUI\PokemonGoUI.csproj", "{D1919ABC-C448-4E88-97B4-10829005FBA4}"
EndProject
Project("{FAE04EC0-301F-11D3-BF4B-00C04F79EFBC}") = "WhileLoopExample", "WhileLoopExample\WhileLoopExample.csproj", "{7F23928B-7E75-44FC-A606-19FF80BF0F72}"
EndProject
Project("{FAE04EC0-301F-11D3-BF4B-00C04F79EFBC}") = "ContinueExample", "ContinueExample\ContinueExample.csproj", "{5B4A8A76-F804-4E22-80E4-DBD5A146345A}"
EndProject
Project("{FAE04EC0-301F-11D3-BF4B-00C04F79EFBC}") = "MathLibrary", "MathLibrary\MathLibrary.csproj", "{CAB4381F-2259-4559-B936-41546C3A0991}"
EndProject
Project("{FAE04EC0-301F-11D3-BF4B-00C04F79EFBC}") = "UseMathLibrary", "UseMathLibrary\UseMathLibrary.csproj", "{2423FD67-759A-4E5A-BF08-B189531F011A}"
EndProject
Global
	GlobalSection(SolutionConfigurationPlatforms) = preSolution
		Debug|Any CPU = Debug|Any CPU
		Release|Any CPU = Release|Any CPU
	EndGlobalSection
	GlobalSection(ProjectConfigurationPlatforms) = postSolution
		{D1919ABC-C448-4E88-97B4-10829005FBA4}.Debug|Any CPU.ActiveCfg = Debug|Any CPU
		{D1919ABC-C448-4E88-97B4-10829005FBA4}.Debug|Any CPU.Build.0 = Debug|Any CPU
		{D1919ABC-C448-4E88-97B4-10829005FBA4}.Release|Any CPU.ActiveCfg = Release|Any CPU
		{D1919ABC-C448-4E88-97B4-10829005FBA4}.Release|Any CPU.Build.0 = Release|Any CPU
		{7F23928B-7E75-44FC-A606-19FF80BF0F72}.Debug|Any CPU.ActiveCfg = Debug|Any CPU
		{7F23928B-7E75-44FC-A606-19FF80BF0F72}.Debug|Any CPU.Build.0 = Debug|Any CPU
		{7F23928B-7E75-44FC-A606-19FF80BF0F72}.Release|Any CPU.ActiveCfg = Release|Any CPU
		{7F23928B-7E75-44FC-A606-19FF80BF0F72}.Release|Any CPU.Build.0 = Release|Any CPU
		{5B4A8A76-F804-4E22-80E4-DBD5A146345A}.Debug|Any CPU.ActiveCfg = Debug|Any CPU
		{5B4A8A76-F804-4E22-80E4-DBD5A146345A}.Debug|Any CPU.Build.0 = Debug|Any CPU
		{5B4A8A76-F804-4E22-80E4-DBD5A146345A}.Release|Any CPU.ActiveCfg = Release|Any CPU
		{5B4A8A76-F804-4E22-80E4-DBD5A146345A}.Release|Any CPU.Build.0 = Release|Any CPU
		{CAB4381F-2259-4559-B936-41546C3A0991}.Debug|Any CPU.ActiveCfg = Debug|Any CPU
		{CAB4381F-2259-4559-B936-41546C3A0991}.Debug|Any CPU.Build.0 = Debug|Any CPU
		{CAB4381F-2259-4559-B936-41546C3A0991}.Release|Any CPU.ActiveCfg = Release|Any CPU
		{CAB4381F-2259-4559-B936-41546C3A0991}.Release|Any CPU.Build.0 = Release|Any CPU
		{2423FD67-759A-4E5A-BF08-B189531F011A}.Debug|Any CPU.ActiveCfg = Debug|Any CPU
		{2423FD67-759A-4E5A-BF08-B189531F011A}.Debug|Any CPU.Build.0 = Debug|Any CPU
		{2423FD67-759A-4E5A-BF08-B189531F011A}.Release|Any CPU.ActiveCfg = Release|Any CPU
		{2423FD67-759A-4E5A-BF08-B189531F011A}.Release|Any CPU.Build.0 = Release|Any CPU
	EndGlobalSection
	GlobalSection(SolutionProperties) = preSolution
		HideSolutionNode = FALSE
	EndGlobalSection
	GlobalSection(ExtensibilityGlobals) = postSolution
		SolutionGuid = {0B0ADA96-A308-4D10-A123-A8CC0F73CE30}
	EndGlobalSection
EndGlobal
